// !$*UTF8*$!
{
	archiveVersion = 1;
	classes = {
	};
	objectVersion = 46;
	objects = {

/* Begin PBXBuildFile section */
		A1244F1C1CE3E45E006A8CA4 /* AppDelegate.swift in Sources */ = {isa = PBXBuildFile; fileRef = A1244F1B1CE3E45E006A8CA4 /* AppDelegate.swift */; };
		A1244F1E1CE3E45E006A8CA4 /* ViewController.swift in Sources */ = {isa = PBXBuildFile; fileRef = A1244F1D1CE3E45E006A8CA4 /* ViewController.swift */; };
		A1244F211CE3E45E006A8CA4 /* Main.storyboard in Resources */ = {isa = PBXBuildFile; fileRef = A1244F1F1CE3E45E006A8CA4 /* Main.storyboard */; };
		A1244F231CE3E45E006A8CA4 /* Assets.xcassets in Resources */ = {isa = PBXBuildFile; fileRef = A1244F221CE3E45E006A8CA4 /* Assets.xcassets */; };
		A1244F261CE3E45E006A8CA4 /* LaunchScreen.storyboard in Resources */ = {isa = PBXBuildFile; fileRef = A1244F241CE3E45E006A8CA4 /* LaunchScreen.storyboard */; };
		A1244F311CE3E45E006A8CA4 /* TipsterTests.swift in Sources */ = {isa = PBXBuildFile; fileRef = A1244F301CE3E45E006A8CA4 /* TipsterTests.swift */; };
		A1244F3C1CE3E45E006A8CA4 /* TipsterUITests.swift in Sources */ = {isa = PBXBuildFile; fileRef = A1244F3B1CE3E45E006A8CA4 /* TipsterUITests.swift */; };
/* End PBXBuildFile section */

/* Begin PBXContainerItemProxy section */
		A1244F2D1CE3E45E006A8CA4 /* PBXContainerItemProxy */ = {
			isa = PBXContainerItemProxy;
			containerPortal = A1244F101CE3E45E006A8CA4 /* Project object */;
			proxyType = 1;
			remoteGlobalIDString = A1244F171CE3E45E006A8CA4;
			remoteInfo = Tipster;
		};
		A1244F381CE3E45E006A8CA4 /* PBXContainerItemProxy */ = {
			isa = PBXContainerItemProxy;
			containerPortal = A1244F101CE3E45E006A8CA4 /* Project object */;
			proxyType = 1;
			remoteGlobalIDString = A1244F171CE3E45E006A8CA4;
			remoteInfo = Tipster;
		};
/* End PBXContainerItemProxy section */

/* Begin PBXFileReference section */
		A1244F181CE3E45E006A8CA4 /* Tipster.app */ = {isa = PBXFileReference; explicitFileType = wrapper.application; includeInIndex = 0; path = Tipster.app; sourceTree = BUILT_PRODUCTS_DIR; };
		A1244F1B1CE3E45E006A8CA4 /* AppDelegate.swift */ = {isa = PBXFileReference; lastKnownFileType = sourcecode.swift; path = AppDelegate.swift; sourceTree = "<group>"; };
		A1244F1D1CE3E45E006A8CA4 /* ViewController.swift */ = {isa = PBXFileReference; lastKnownFileType = sourcecode.swift; path = ViewController.swift; sourceTree = "<group>"; };
		A1244F201CE3E45E006A8CA4 /* Base */ = {isa = PBXFileReference; lastKnownFileType = file.storyboard; name = Base; path = Base.lproj/Main.storyboard; sourceTree = "<group>"; };
		A1244F221CE3E45E006A8CA4 /* Assets.xcassets */ = {isa = PBXFileReference; lastKnownFileType = folder.assetcatalog; path = Assets.xcassets; sourceTree = "<group>"; };
		A1244F251CE3E45E006A8CA4 /* Base */ = {isa = PBXFileReference; lastKnownFileType = file.storyboard; name = Base; path = Base.lproj/LaunchScreen.storyboard; sourceTree = "<group>"; };
		A1244F271CE3E45E006A8CA4 /* Info.plist */ = {isa = PBXFileReference; lastKnownFileType = text.plist.xml; path = Info.plist; sourceTree = "<group>"; };
		A1244F2C1CE3E45E006A8CA4 /* TipsterTests.xctest */ = {isa = PBXFileReference; explicitFileType = wrapper.cfbundle; includeInIndex = 0; path = TipsterTests.xctest; sourceTree = BUILT_PRODUCTS_DIR; };
		A1244F301CE3E45E006A8CA4 /* TipsterTests.swift */ = {isa = PBXFileReference; lastKnownFileType = sourcecode.swift; path = TipsterTests.swift; sourceTree = "<group>"; };
		A1244F321CE3E45E006A8CA4 /* Info.plist */ = {isa = PBXFileReference; lastKnownFileType = text.plist.xml; path = Info.plist; sourceTree = "<group>"; };
		A1244F371CE3E45E006A8CA4 /* TipsterUITests.xctest */ = {isa = PBXFileReference; explicitFileType = wrapper.cfbundle; includeInIndex = 0; path = TipsterUITests.xctest; sourceTree = BUILT_PRODUCTS_DIR; };
		A1244F3B1CE3E45E006A8CA4 /* TipsterUITests.swift */ = {isa = PBXFileReference; lastKnownFileType = sourcecode.swift; path = TipsterUITests.swift; sourceTree = "<group>"; };
		A1244F3D1CE3E45E006A8CA4 /* Info.plist */ = {isa = PBXFileReference; lastKnownFileType = text.plist.xml; path = Info.plist; sourceTree = "<group>"; };
/* End PBXFileReference section */

/* Begin PBXFrameworksBuildPhase section */
		A1244F151CE3E45E006A8CA4 /* Frameworks */ = {
			isa = PBXFrameworksBuildPhase;
			buildActionMask = 2147483647;
			files = (
			);
			runOnlyForDeploymentPostprocessing = 0;
		};
		A1244F291CE3E45E006A8CA4 /* Frameworks */ = {
			isa = PBXFrameworksBuildPhase;
			buildActionMask = 2147483647;
			files = (
			);
			runOnlyForDeploymentPostprocessing = 0;
		};
		A1244F341CE3E45E006A8CA4 /* Frameworks */ = {
			isa = PBXFrameworksBuildPhase;
			buildActionMask = 2147483647;
			files = (
			);
			runOnlyForDeploymentPostprocessing = 0;
		};
/* End PBXFrameworksBuildPhase section */

/* Begin PBXGroup section */
		A1244F0F1CE3E45E006A8CA4 = {
			isa = PBXGroup;
			children = (
				A1244F1A1CE3E45E006A8CA4 /* Tipster */,
				A1244F2F1CE3E45E006A8CA4 /* TipsterTests */,
				A1244F3A1CE3E45E006A8CA4 /* TipsterUITests */,
				A1244F191CE3E45E006A8CA4 /* Products */,
			);
			sourceTree = "<group>";
		};
		A1244F191CE3E45E006A8CA4 /* Products */ = {
			isa = PBXGroup;
			children = (
				A1244F181CE3E45E006A8CA4 /* Tipster.app */,
				A1244F2C1CE3E45E006A8CA4 /* TipsterTests.xctest */,
				A1244F371CE3E45E006A8CA4 /* TipsterUITests.xctest */,
			);
			name = Products;
			sourceTree = "<group>";
		};
		A1244F1A1CE3E45E006A8CA4 /* Tipster */ = {
			isa = PBXGroup;
			children = (
				A1244F1B1CE3E45E006A8CA4 /* AppDelegate.swift */,
				A1244F1D1CE3E45E006A8CA4 /* ViewController.swift */,
				A1244F1F1CE3E45E006A8CA4 /* Main.storyboard */,
				A1244F221CE3E45E006A8CA4 /* Assets.xcassets */,
				A1244F241CE3E45E006A8CA4 /* LaunchScreen.storyboard */,
				A1244F271CE3E45E006A8CA4 /* Info.plist */,
			);
			path = Tipster;
			sourceTree = "<group>";
		};
		A1244F2F1CE3E45E006A8CA4 /* TipsterTests */ = {
			isa = PBXGroup;
			children = (
				A1244F301CE3E45E006A8CA4 /* TipsterTests.swift */,
				A1244F321CE3E45E006A8CA4 /* Info.plist */,
			);
			path = TipsterTests;
			sourceTree = "<group>";
		};
		A1244F3A1CE3E45E006A8CA4 /* TipsterUITests */ = {
			isa = PBXGroup;
			children = (
				A1244F3B1CE3E45E006A8CA4 /* TipsterUITests.swift */,
				A1244F3D1CE3E45E006A8CA4 /* Info.plist */,
			);
			path = TipsterUITests;
			sourceTree = "<group>";
		};
/* End PBXGroup section */

/* Begin PBXNativeTarget section */
		A1244F171CE3E45E006A8CA4 /* Tipster */ = {
			isa = PBXNativeTarget;
			buildConfigurationList = A1244F401CE3E45E006A8CA4 /* Build configuration list for PBXNativeTarget "Tipster" */;
			buildPhases = (
				A1244F141CE3E45E006A8CA4 /* Sources */,
				A1244F151CE3E45E006A8CA4 /* Frameworks */,
				A1244F161CE3E45E006A8CA4 /* Resources */,
			);
			buildRules = (
			);
			dependencies = (
			);
			name = Tipster;
			productName = Tipster;
			productReference = A1244F181CE3E45E006A8CA4 /* Tipster.app */;
			productType = "com.apple.product-type.application";
		};
		A1244F2B1CE3E45E006A8CA4 /* TipsterTests */ = {
			isa = PBXNativeTarget;
			buildConfigurationList = A1244F431CE3E45E006A8CA4 /* Build configuration list for PBXNativeTarget "TipsterTests" */;
			buildPhases = (
				A1244F281CE3E45E006A8CA4 /* Sources */,
				A1244F291CE3E45E006A8CA4 /* Frameworks */,
				A1244F2A1CE3E45E006A8CA4 /* Resources */,
			);
			buildRules = (
			);
			dependencies = (
				A1244F2E1CE3E45E006A8CA4 /* PBXTargetDependency */,
			);
			name = TipsterTests;
			productName = TipsterTests;
			productReference = A1244F2C1CE3E45E006A8CA4 /* TipsterTests.xctest */;
			productType = "com.apple.product-type.bundle.unit-test";
		};
		A1244F361CE3E45E006A8CA4 /* TipsterUITests */ = {
			isa = PBXNativeTarget;
			buildConfigurationList = A1244F461CE3E45E006A8CA4 /* Build configuration list for PBXNativeTarget "TipsterUITests" */;
			buildPhases = (
				A1244F331CE3E45E006A8CA4 /* Sources */,
				A1244F341CE3E45E006A8CA4 /* Frameworks */,
				A1244F351CE3E45E006A8CA4 /* Resources */,
			);
			buildRules = (
			);
			dependencies = (
				A1244F391CE3E45E006A8CA4 /* PBXTargetDependency */,
			);
			name = TipsterUITests;
			productName = TipsterUITests;
			productReference = A1244F371CE3E45E006A8CA4 /* TipsterUITests.xctest */;
			productType = "com.apple.product-type.bundle.ui-testing";
		};
/* End PBXNativeTarget section */

/* Begin PBXProject section */
		A1244F101CE3E45E006A8CA4 /* Project object */ = {
			isa = PBXProject;
			attributes = {
				LastSwiftUpdateCheck = 0720;
				LastUpgradeCheck = 0720;
				ORGANIZATIONNAME = "Neil Tekamp";
				TargetAttributes = {
					A1244F171CE3E45E006A8CA4 = {
						CreatedOnToolsVersion = 7.2.1;
					};
					A1244F2B1CE3E45E006A8CA4 = {
						CreatedOnToolsVersion = 7.2.1;
						TestTargetID = A1244F171CE3E45E006A8CA4;
					};
					A1244F361CE3E45E006A8CA4 = {
						CreatedOnToolsVersion = 7.2.1;
						TestTargetID = A1244F171CE3E45E006A8CA4;
					};
				};
			};
			buildConfigurationList = A1244F131CE3E45E006A8CA4 /* Build configuration list for PBXProject "Tipster" */;
			compatibilityVersion = "Xcode 3.2";
			developmentRegion = English;
			hasScannedForEncodings = 0;
			knownRegions = (
				en,
				Base,
			);
			mainGroup = A1244F0F1CE3E45E006A8CA4;
			productRefGroup = A1244F191CE3E45E006A8CA4 /* Products */;
			projectDirPath = "";
			projectRoot = "";
			targets = (
				A1244F171CE3E45E006A8CA4 /* Tipster */,
				A1244F2B1CE3E45E006A8CA4 /* TipsterTests */,
				A1244F361CE3E45E006A8CA4 /* TipsterUITests */,
			);
		};
/* End PBXProject section */

/* Begin PBXResourcesBuildPhase section */
		A1244F161CE3E45E006A8CA4 /* Resources */ = {
			isa = PBXResourcesBuildPhase;
			buildActionMask = 2147483647;
			files = (
				A1244F261CE3E45E006A8CA4 /* LaunchScreen.storyboard in Resources */,
				A1244F231CE3E45E006A8CA4 /* Assets.xcassets in Resources */,
				A1244F211CE3E45E006A8CA4 /* Main.storyboard in Resources */,
			);
			runOnlyForDeploymentPostprocessing = 0;
		};
		A1244F2A1CE3E45E006A8CA4 /* Resources */ = {
			isa = PBXResourcesBuildPhase;
			buildActionMask = 2147483647;
			files = (
			);
			runOnlyForDeploymentPostprocessing = 0;
		};
		A1244F351CE3E45E006A8CA4 /* Resources */ = {
			isa = PBXResourcesBuildPhase;
			buildActionMask = 2147483647;
			files = (
			);
			runOnlyForDeploymentPostprocessing = 0;
		};
/* End PBXResourcesBuildPhase section */

/* Begin PBXSourcesBuildPhase section */
		A1244F141CE3E45E006A8CA4 /* Sources */ = {
			isa = PBXSourcesBuildPhase;
			buildActionMask = 2147483647;
			files = (
				A1244F1E1CE3E45E006A8CA4 /* ViewController.swift in Sources */,
				A1244F1C1CE3E45E006A8CA4 /* AppDelegate.swift in Sources */,
			);
			runOnlyForDeploymentPostprocessing = 0;
		};
		A1244F281CE3E45E006A8CA4 /* Sources */ = {
			isa = PBXSourcesBuildPhase;
			buildActionMask = 2147483647;
			files = (
				A1244F311CE3E45E006A8CA4 /* TipsterTests.swift in Sources */,
			);
			runOnlyForDeploymentPostprocessing = 0;
		};
		A1244F331CE3E45E006A8CA4 /* Sources */ = {
			isa = PBXSourcesBuildPhase;
			buildActionMask = 2147483647;
			files = (
				A1244F3C1CE3E45E006A8CA4 /* TipsterUITests.swift in Sources */,
			);
			runOnlyForDeploymentPostprocessing = 0;
		};
/* End PBXSourcesBuildPhase section */

/* Begin PBXTargetDependency section */
		A1244F2E1CE3E45E006A8CA4 /* PBXTargetDependency */ = {
			isa = PBXTargetDependency;
			target = A1244F171CE3E45E006A8CA4 /* Tipster */;
			targetProxy = A1244F2D1CE3E45E006A8CA4 /* PBXContainerItemProxy */;
		};
		A1244F391CE3E45E006A8CA4 /* PBXTargetDependency */ = {
			isa = PBXTargetDependency;
			target = A1244F171CE3E45E006A8CA4 /* Tipster */;
			targetProxy = A1244F381CE3E45E006A8CA4 /* PBXContainerItemProxy */;
		};
/* End PBXTargetDependency section */

/* Begin PBXVariantGroup section */
		A1244F1F1CE3E45E006A8CA4 /* Main.storyboard */ = {
			isa = PBXVariantGroup;
			children = (
				A1244F201CE3E45E006A8CA4 /* Base */,
			);
			name = Main.storyboard;
			sourceTree = "<group>";
		};
		A1244F241CE3E45E006A8CA4 /* LaunchScreen.storyboard */ = {
			isa = PBXVariantGroup;
			children = (
				A1244F251CE3E45E006A8CA4 /* Base */,
			);
			name = LaunchScreen.storyboard;
			sourceTree = "<group>";
		};
/* End PBXVariantGroup section */

/* Begin XCBuildConfiguration section */
		A1244F3E1CE3E45E006A8CA4 /* Debug */ = {
			isa = XCBuildConfiguration;
			buildSettings = {
				ALWAYS_SEARCH_USER_PATHS = NO;
				CLANG_CXX_LANGUAGE_STANDARD = "gnu++0x";
				CLANG_CXX_LIBRARY = "libc++";
				CLANG_ENABLE_MODULES = YES;
				CLANG_ENABLE_OBJC_ARC = YES;
				CLANG_WARN_BOOL_CONVERSION = YES;
				CLANG_WARN_CONSTANT_CONVERSION = YES;
				CLANG_WARN_DIRECT_OBJC_ISA_USAGE = YES_ERROR;
				CLANG_WARN_EMPTY_BODY = YES;
				CLANG_WARN_ENUM_CONVERSION = YES;
				CLANG_WARN_INT_CONVERSION = YES;
				CLANG_WARN_OBJC_ROOT_CLASS = YES_ERROR;
				CLANG_WARN_UNREACHABLE_CODE = YES;
				CLANG_WARN__DUPLICATE_METHOD_MATCH = YES;
				"CODE_SIGN_IDENTITY[sdk=iphoneos*]" = "iPhone Developer";
				COPY_PHASE_STRIP = NO;
				DEBUG_INFORMATION_FORMAT = dwarf;
				ENABLE_STRICT_OBJC_MSGSEND = YES;
				ENABLE_TESTABILITY = YES;
				GCC_C_LANGUAGE_STANDARD = gnu99;
				GCC_DYNAMIC_NO_PIC = NO;
				GCC_NO_COMMON_BLOCKS = YES;
				GCC_OPTIMIZATION_LEVEL = 0;
				GCC_PREPROCESSOR_DEFINITIONS = (
					"DEBUG=1",
					"$(inherited)",
				);
				GCC_WARN_64_TO_32_BIT_CONVERSION = YES;
				GCC_WARN_ABOUT_RETURN_TYPE = YES_ERROR;
				GCC_WARN_UNDECLARED_SELECTOR = YES;
				GCC_WARN_UNINITIALIZED_AUTOS = YES_AGGRESSIVE;
				GCC_WARN_UNUSED_FUNCTION = YES;
				GCC_WARN_UNUSED_VARIABLE = YES;
				IPHONEOS_DEPLOYMENT_TARGET = 9.2;
				MTL_ENABLE_DEBUG_INFO = YES;
				ONLY_ACTIVE_ARCH = YES;
				SDKROOT = iphoneos;
				SWIFT_OPTIMIZATION_LEVEL = "-Onone";
			};
			name = Debug;
		};
		A1244F3F1CE3E45E006A8CA4 /* Release */ = {
			isa = XCBuildConfiguration;
			buildSettings = {
				ALWAYS_SEARCH_USER_PATHS = NO;
				CLANG_CXX_LANGUAGE_STANDARD = "gnu++0x";
				CLANG_CXX_LIBRARY = "libc++";
				CLANG_ENABLE_MODULES = YES;
				CLANG_ENABLE_OBJC_ARC = YES;
				CLANG_WARN_BOOL_CONVERSION = YES;
				CLANG_WARN_CONSTANT_CONVERSION = YES;
				CLANG_WARN_DIRECT_OBJC_ISA_USAGE = YES_ERROR;
				CLANG_WARN_EMPTY_BODY = YES;
				CLANG_WARN_ENUM_CONVERSION = YES;
				CLANG_WARN_INT_CONVERSION = YES;
				CLANG_WARN_OBJC_ROOT_CLASS = YES_ERROR;
				CLANG_WARN_UNREACHABLE_CODE = YES;
				CLANG_WARN__DUPLICATE_METHOD_MATCH = YES;
				"CODE_SIGN_IDENTITY[sdk=iphoneos*]" = "iPhone Developer";
				COPY_PHASE_STRIP = NO;
				DEBUG_INFORMATION_FORMAT = "dwarf-with-dsym";
				ENABLE_NS_ASSERTIONS = NO;
				ENABLE_STRICT_OBJC_MSGSEND = YES;
				GCC_C_LANGUAGE_STANDARD = gnu99;
				GCC_NO_COMMON_BLOCKS = YES;
				GCC_WARN_64_TO_32_BIT_CONVERSION = YES;
				GCC_WARN_ABOUT_RETURN_TYPE = YES_ERROR;
				GCC_WARN_UNDECLARED_SELECTOR = YES;
				GCC_WARN_UNINITIALIZED_AUTOS = YES_AGGRESSIVE;
				GCC_WARN_UNUSED_FUNCTION = YES;
				GCC_WARN_UNUSED_VARIABLE = YES;
				IPHONEOS_DEPLOYMENT_TARGET = 9.2;
				MTL_ENABLE_DEBUG_INFO = NO;
				SDKROOT = iphoneos;
				VALIDATE_PRODUCT = YES;
			};
			name = Release;
		};
		A1244F411CE3E45E006A8CA4 /* Debug */ = {
			isa = XCBuildConfiguration;
			buildSettings = {
				ASSETCATALOG_COMPILER_APPICON_NAME = AppIcon;
				INFOPLIST_FILE = Tipster/Info.plist;
				LD_RUNPATH_SEARCH_PATHS = "$(inherited) @executable_path/Frameworks";
				PRODUCT_BUNDLE_IDENTIFIER = com.neiltekamp.Tipster;
				PRODUCT_NAME = "$(TARGET_NAME)";
			};
			name = Debug;
		};
		A1244F421CE3E45E006A8CA4 /* Release */ = {
			isa = XCBuildConfiguration;
			buildSettings = {
				ASSETCATALOG_COMPILER_APPICON_NAME = AppIcon;
				INFOPLIST_FILE = Tipster/Info.plist;
				LD_RUNPATH_SEARCH_PATHS = "$(inherited) @executable_path/Frameworks";
				PRODUCT_BUNDLE_IDENTIFIER = com.neiltekamp.Tipster;
				PRODUCT_NAME = "$(TARGET_NAME)";
			};
			name = Release;
		};
		A1244F441CE3E45E006A8CA4 /* Debug */ = {
			isa = XCBuildConfiguration;
			buildSettings = {
				BUNDLE_LOADER = "$(TEST_HOST)";
				INFOPLIST_FILE = TipsterTests/Info.plist;
				LD_RUNPATH_SEARCH_PATHS = "$(inherited) @executable_path/Frameworks @loader_path/Frameworks";
				PRODUCT_BUNDLE_IDENTIFIER = com.neiltekamp.TipsterTests;
				PRODUCT_NAME = "$(TARGET_NAME)";
				TEST_HOST = "$(BUILT_PRODUCTS_DIR)/Tipster.app/Tipster";
			};
			name = Debug;
		};
		A1244F451CE3E45E006A8CA4 /* Release */ = {
			isa = XCBuildConfiguration;
			buildSettings = {
				BUNDLE_LOADER = "$(TEST_HOST)";
				INFOPLIST_FILE = TipsterTests/Info.plist;
				LD_RUNPATH_SEARCH_PATHS = "$(inherited) @executable_path/Frameworks @loader_path/Frameworks";
				PRODUCT_BUNDLE_IDENTIFIER = com.neiltekamp.TipsterTests;
				PRODUCT_NAME = "$(TARGET_NAME)";
				TEST_HOST = "$(BUILT_PRODUCTS_DIR)/Tipster.app/Tipster";
			};
			name = Release;
		};
		A1244F471CE3E45E006A8CA4 /* Debug */ = {
			isa = XCBuildConfiguration;
			buildSettings = {
				INFOPLIST_FILE = TipsterUITests/Info.plist;
				LD_RUNPATH_SEARCH_PATHS = "$(inherited) @executable_path/Frameworks @loader_path/Frameworks";
				PRODUCT_BUNDLE_IDENTIFIER = com.neiltekamp.TipsterUITests;
				PRODUCT_NAME = "$(TARGET_NAME)";
				TEST_TARGET_NAME = Tipster;
				USES_XCTRUNNER = YES;
			};
			name = Debug;
		};
		A1244F481CE3E45E006A8CA4 /* Release */ = {
			isa = XCBuildConfiguration;
			buildSettings = {
				INFOPLIST_FILE = TipsterUITests/Info.plist;
				LD_RUNPATH_SEARCH_PATHS = "$(inherited) @executable_path/Frameworks @loader_path/Frameworks";
				PRODUCT_BUNDLE_IDENTIFIER = com.neiltekamp.TipsterUITests;
				PRODUCT_NAME = "$(TARGET_NAME)";
				TEST_TARGET_NAME = Tipster;
				USES_XCTRUNNER = YES;
			};
			name = Release;
		};
/* End XCBuildConfiguration section */

/* Begin XCConfigurationList section */
		A1244F131CE3E45E006A8CA4 /* Build configuration list for PBXProject "Tipster" */ = {
			isa = XCConfigurationList;
			buildConfigurations = (
				A1244F3E1CE3E45E006A8CA4 /* Debug */,
				A1244F3F1CE3E45E006A8CA4 /* Release */,
			);
			defaultConfigurationIsVisible = 0;
			defaultConfigurationName = Release;
		};
		A1244F401CE3E45E006A8CA4 /* Build configuration list for PBXNativeTarget "Tipster" */ = {
			isa = XCConfigurationList;
			buildConfigurations = (
				A1244F411CE3E45E006A8CA4 /* Debug */,
				A1244F421CE3E45E006A8CA4 /* Release */,
			);
			defaultConfigurationIsVisible = 0;
		};
		A1244F431CE3E45E006A8CA4 /* Build configuration list for PBXNativeTarget "TipsterTests" */ = {
			isa = XCConfigurationList;
			buildConfigurations = (
				A1244F441CE3E45E006A8CA4 /* Debug */,
				A1244F451CE3E45E006A8CA4 /* Release */,
			);
			defaultConfigurationIsVisible = 0;
		};
		A1244F461CE3E45E006A8CA4 /* Build configuration list for PBXNativeTarget "TipsterUITests" */ = {
			isa = XCConfigurationList;
			buildConfigurations = (
				A1244F471CE3E45E006A8CA4 /* Debug */,
				A1244F481CE3E45E006A8CA4 /* Release */,
			);
			defaultConfigurationIsVisible = 0;
		};
/* End XCConfigurationList section */
	};
	rootObject = A1244F101CE3E45E006A8CA4 /* Project object */;
}
